{
  "name": "cerebras_accelerated_applicant_sort",
  "lockfileVersion": 3,
  "requires": true,
  "packages": {
    "": {
      "dependencies": {
        "@types/animejs": "^3.1.13",
        "animejs": "^4.0.2"
      }
    },
    "node_modules/@types/animejs": {
      "version": "3.1.13",
      "resolved": "https://registry.npmjs.org/@types/animejs/-/animejs-3.1.13.tgz",
      "integrity": "sha512-yWg9l1z7CAv/TKpty4/vupEh24jDGUZXv4r26StRkpUPQm04ztJaftgpto8vwdFs8SiTq6XfaPKCSI+wjzNMvQ==",
      "license": "MIT"
    },
    "node_modules/animejs": {
      "version": "4.0.2",
      "resolved": "https://registry.npmjs.org/animejs/-/animejs-4.0.2.tgz",
      "integrity": "sha512-f0L/kSya2RF23iMSF/VO01pMmLwlAFoiQeNAvBXhEyLzIPd2/QTBRatwGUqkVCC6seaAJYzAkGir55N4SL+h3A==",
      "license": "MIT"
    }
  }
}
